// !$*UTF8*$!
{
	archiveVersion = 1;
	classes = {
	};
	objectVersion = 46;
	objects = {

/* Begin PBXBuildFile section */
		4BCF60181B4CF85100316988 /* main.m in Sources */ = {isa = PBXBuildFile; fileRef = 4BCF60171B4CF85100316988 /* main.m */; };
		4BCF601B1B4CF85100316988 /* AppDelegate.m in Sources */ = {isa = PBXBuildFile; fileRef = 4BCF601A1B4CF85100316988 /* AppDelegate.m */; };
		4BCF601E1B4CF85100316988 /* MasterViewController.m in Sources */ = {isa = PBXBuildFile; fileRef = 4BCF601D1B4CF85100316988 /* MasterViewController.m */; };
		4BCF60211B4CF85100316988 /* DetailViewController.m in Sources */ = {isa = PBXBuildFile; fileRef = 4BCF60201B4CF85100316988 /* DetailViewController.m */; };
		4BCF60241B4CF85100316988 /* Main.storyboard in Resources */ = {isa = PBXBuildFile; fileRef = 4BCF60221B4CF85100316988 /* Main.storyboard */; };
		4BCF60261B4CF85100316988 /* Images.xcassets in Resources */ = {isa = PBXBuildFile; fileRef = 4BCF60251B4CF85100316988 /* Images.xcassets */; };
		4BCF60291B4CF85100316988 /* LaunchScreen.xib in Resources */ = {isa = PBXBuildFile; fileRef = 4BCF60271B4CF85100316988 /* LaunchScreen.xib */; };
		4BCF60351B4CF85100316988 /* FetchTestTests.m in Sources */ = {isa = PBXBuildFile; fileRef = 4BCF60341B4CF85100316988 /* FetchTestTests.m */; };
/* End PBXBuildFile section */

/* Begin PBXContainerItemProxy section */
		4BCF602F1B4CF85100316988 /* PBXContainerItemProxy */ = {
			isa = PBXContainerItemProxy;
			containerPortal = 4BCF600A1B4CF85100316988 /* Project object */;
			proxyType = 1;
			remoteGlobalIDString = 4BCF60111B4CF85100316988;
			remoteInfo = FetchTest;
		};
/* End PBXContainerItemProxy section */

/* Begin PBXFileReference section */
		4BCF60121B4CF85100316988 /* FetchTest.app */ = {isa = PBXFileReference; explicitFileType = wrapper.application; includeInIndex = 0; path = FetchTest.app; sourceTree = BUILT_PRODUCTS_DIR; };
		4BCF60161B4CF85100316988 /* Info.plist */ = {isa = PBXFileReference; lastKnownFileType = text.plist.xml; path = Info.plist; sourceTree = "<group>"; };
		4BCF60171B4CF85100316988 /* main.m */ = {isa = PBXFileReference; lastKnownFileType = sourcecode.c.objc; path = main.m; sourceTree = "<group>"; };
		4BCF60191B4CF85100316988 /* AppDelegate.h */ = {isa = PBXFileReference; lastKnownFileType = sourcecode.c.h; path = AppDelegate.h; sourceTree = "<group>"; };
		4BCF601A1B4CF85100316988 /* AppDelegate.m */ = {isa = PBXFileReference; lastKnownFileType = sourcecode.c.objc; path = AppDelegate.m; sourceTree = "<group>"; };
		4BCF601C1B4CF85100316988 /* MasterViewController.h */ = {isa = PBXFileReference; lastKnownFileType = sourcecode.c.h; path = MasterViewController.h; sourceTree = "<group>"; };
		4BCF601D1B4CF85100316988 /* MasterViewController.m */ = {isa = PBXFileReference; lastKnownFileType = sourcecode.c.objc; path = MasterViewController.m; sourceTree = "<group>"; };
		4BCF601F1B4CF85100316988 /* DetailViewController.h */ = {isa = PBXFileReference; lastKnownFileType = sourcecode.c.h; path = DetailViewController.h; sourceTree = "<group>"; };
		4BCF60201B4CF85100316988 /* DetailViewController.m */ = {isa = PBXFileReference; lastKnownFileType = sourcecode.c.objc; path = DetailViewController.m; sourceTree = "<group>"; };
		4BCF60231B4CF85100316988 /* Base */ = {isa = PBXFileReference; lastKnownFileType = file.storyboard; name = Base; path = Base.lproj/Main.storyboard; sourceTree = "<group>"; };
		4BCF60251B4CF85100316988 /* Images.xcassets */ = {isa = PBXFileReference; lastKnownFileType = folder.assetcatalog; path = Images.xcassets; sourceTree = "<group>"; };
		4BCF60281B4CF85100316988 /* Base */ = {isa = PBXFileReference; lastKnownFileType = file.xib; name = Base; path = Base.lproj/LaunchScreen.xib; sourceTree = "<group>"; };
		4BCF602E1B4CF85100316988 /* FetchTestTests.xctest */ = {isa = PBXFileReference; explicitFileType = wrapper.cfbundle; includeInIndex = 0; path = FetchTestTests.xctest; sourceTree = BUILT_PRODUCTS_DIR; };
		4BCF60331B4CF85100316988 /* Info.plist */ = {isa = PBXFileReference; lastKnownFileType = text.plist.xml; path = Info.plist; sourceTree = "<group>"; };
		4BCF60341B4CF85100316988 /* FetchTestTests.m */ = {isa = PBXFileReference; lastKnownFileType = sourcecode.c.objc; path = FetchTestTests.m; sourceTree = "<group>"; };
/* End PBXFileReference section */

/* Begin PBXFrameworksBuildPhase section */
		4BCF600F1B4CF85100316988 /* Frameworks */ = {
			isa = PBXFrameworksBuildPhase;
			buildActionMask = 2147483647;
			files = (
			);
			runOnlyForDeploymentPostprocessing = 0;
		};
		4BCF602B1B4CF85100316988 /* Frameworks */ = {
			isa = PBXFrameworksBuildPhase;
			buildActionMask = 2147483647;
			files = (
			);
			runOnlyForDeploymentPostprocessing = 0;
		};
/* End PBXFrameworksBuildPhase section */

/* Begin PBXGroup section */
		4BCF60091B4CF85100316988 = {
			isa = PBXGroup;
			children = (
				4BCF60141B4CF85100316988 /* FetchTest */,
				4BCF60311B4CF85100316988 /* FetchTestTests */,
				4BCF60131B4CF85100316988 /* Products */,
			);
			sourceTree = "<group>";
		};
		4BCF60131B4CF85100316988 /* Products */ = {
			isa = PBXGroup;
			children = (
				4BCF60121B4CF85100316988 /* FetchTest.app */,
				4BCF602E1B4CF85100316988 /* FetchTestTests.xctest */,
			);
			name = Products;
			sourceTree = "<group>";
		};
		4BCF60141B4CF85100316988 /* FetchTest */ = {
			isa = PBXGroup;
			children = (
				4BCF60191B4CF85100316988 /* AppDelegate.h */,
				4BCF601A1B4CF85100316988 /* AppDelegate.m */,
				4BCF601C1B4CF85100316988 /* MasterViewController.h */,
				4BCF601D1B4CF85100316988 /* MasterViewController.m */,
				4BCF601F1B4CF85100316988 /* DetailViewController.h */,
				4BCF60201B4CF85100316988 /* DetailViewController.m */,
				4BCF60221B4CF85100316988 /* Main.storyboard */,
				4BCF60251B4CF85100316988 /* Images.xcassets */,
				4BCF60271B4CF85100316988 /* LaunchScreen.xib */,
				4BCF60151B4CF85100316988 /* Supporting Files */,
			);
			path = FetchTest;
			sourceTree = "<group>";
		};
		4BCF60151B4CF85100316988 /* Supporting Files */ = {
			isa = PBXGroup;
			children = (
				4BCF60161B4CF85100316988 /* Info.plist */,
				4BCF60171B4CF85100316988 /* main.m */,
			);
			name = "Supporting Files";
			sourceTree = "<group>";
		};
		4BCF60311B4CF85100316988 /* FetchTestTests */ = {
			isa = PBXGroup;
			children = (
				4BCF60341B4CF85100316988 /* FetchTestTests.m */,
				4BCF60321B4CF85100316988 /* Supporting Files */,
			);
			path = FetchTestTests;
			sourceTree = "<group>";
		};
		4BCF60321B4CF85100316988 /* Supporting Files */ = {
			isa = PBXGroup;
			children = (
				4BCF60331B4CF85100316988 /* Info.plist */,
			);
			name = "Supporting Files";
			sourceTree = "<group>";
		};
/* End PBXGroup section */

/* Begin PBXNativeTarget section */
		4BCF60111B4CF85100316988 /* FetchTest */ = {
			isa = PBXNativeTarget;
			buildConfigurationList = 4BCF60381B4CF85100316988 /* Build configuration list for PBXNativeTarget "FetchTest" */;
			buildPhases = (
				4BCF600E1B4CF85100316988 /* Sources */,
				4BCF600F1B4CF85100316988 /* Frameworks */,
				4BCF60101B4CF85100316988 /* Resources */,
			);
			buildRules = (
			);
			dependencies = (
			);
			name = FetchTest;
			productName = FetchTest;
			productReference = 4BCF60121B4CF85100316988 /* FetchTest.app */;
			productType = "com.apple.product-type.application";
		};
		4BCF602D1B4CF85100316988 /* FetchTestTests */ = {
			isa = PBXNativeTarget;
			buildConfigurationList = 4BCF603B1B4CF85100316988 /* Build configuration list for PBXNativeTarget "FetchTestTests" */;
			buildPhases = (
				4BCF602A1B4CF85100316988 /* Sources */,
				4BCF602B1B4CF85100316988 /* Frameworks */,
				4BCF602C1B4CF85100316988 /* Resources */,
			);
			buildRules = (
			);
			dependencies = (
				4BCF60301B4CF85100316988 /* PBXTargetDependency */,
			);
			name = FetchTestTests;
			productName = FetchTestTests;
			productReference = 4BCF602E1B4CF85100316988 /* FetchTestTests.xctest */;
			productType = "com.apple.product-type.bundle.unit-test";
		};
/* End PBXNativeTarget section */

/* Begin PBXProject section */
		4BCF600A1B4CF85100316988 /* Project object */ = {
			isa = PBXProject;
			attributes = {
				LastUpgradeCheck = 0630;
				ORGANIZATIONNAME = NieYun;
				TargetAttributes = {
					4BCF60111B4CF85100316988 = {
						CreatedOnToolsVersion = 6.3.2;
					};
					4BCF602D1B4CF85100316988 = {
						CreatedOnToolsVersion = 6.3.2;
						TestTargetID = 4BCF60111B4CF85100316988;
					};
				};
			};
			buildConfigurationList = 4BCF600D1B4CF85100316988 /* Build configuration list for PBXProject "FetchTest" */;
			compatibilityVersion = "Xcode 3.2";
			developmentRegion = English;
			hasScannedForEncodings = 0;
			knownRegions = (
				en,
				Base,
			);
			mainGroup = 4BCF60091B4CF85100316988;
			productRefGroup = 4BCF60131B4CF85100316988 /* Products */;
			projectDirPath = "";
			projectRoot = "";
			targets = (
				4BCF60111B4CF85100316988 /* FetchTest */,
				4BCF602D1B4CF85100316988 /* FetchTestTests */,
			);
		};
/* End PBXProject section */

/* Begin PBXResourcesBuildPhase section */
		4BCF60101B4CF85100316988 /* Resources */ = {
			isa = PBXResourcesBuildPhase;
			buildActionMask = 2147483647;
			files = (
				4BCF60241B4CF85100316988 /* Main.storyboard in Resources */,
				4BCF60291B4CF85100316988 /* LaunchScreen.xib in Resources */,
				4BCF60261B4CF85100316988 /* Images.xcassets in Resources */,
			);
			runOnlyForDeploymentPostprocessing = 0;
		};
		4BCF602C1B4CF85100316988 /* Resources */ = {
			isa = PBXResourcesBuildPhase;
			buildActionMask = 2147483647;
			files = (
			);
			runOnlyForDeploymentPostprocessing = 0;
		};
/* End PBXResourcesBuildPhase section */

/* Begin PBXSourcesBuildPhase section */
		4BCF600E1B4CF85100316988 /* Sources */ = {
			isa = PBXSourcesBuildPhase;
			buildActionMask = 2147483647;
			files = (
				4BCF601B1B4CF85100316988 /* AppDelegate.m in Sources */,
				4BCF601E1B4CF85100316988 /* MasterViewController.m in Sources */,
				4BCF60181B4CF85100316988 /* main.m in Sources */,
				4BCF60211B4CF85100316988 /* DetailViewController.m in Sources */,
			);
			runOnlyForDeploymentPostprocessing = 0;
		};
		4BCF602A1B4CF85100316988 /* Sources */ = {
			isa = PBXSourcesBuildPhase;
			buildActionMask = 2147483647;
			files = (
				4BCF60351B4CF85100316988 /* FetchTestTests.m in Sources */,
			);
			runOnlyForDeploymentPostprocessing = 0;
		};
/* End PBXSourcesBuildPhase section */

/* Begin PBXTargetDependency section */
		4BCF60301B4CF85100316988 /* PBXTargetDependency */ = {
			isa = PBXTargetDependency;
			target = 4BCF60111B4CF85100316988 /* FetchTest */;
			targetProxy = 4BCF602F1B4CF85100316988 /* PBXContainerItemProxy */;
		};
/* End PBXTargetDependency section */

/* Begin PBXVariantGroup section */
		4BCF60221B4CF85100316988 /* Main.storyboard */ = {
			isa = PBXVariantGroup;
			children = (
				4BCF60231B4CF85100316988 /* Base */,
			);
			name = Main.storyboard;
			sourceTree = "<group>";
		};
		4BCF60271B4CF85100316988 /* LaunchScreen.xib */ = {
			isa = PBXVariantGroup;
			children = (
				4BCF60281B4CF85100316988 /* Base */,
			);
			name = LaunchScreen.xib;
			sourceTree = "<group>";
		};
/* End PBXVariantGroup section */

/* Begin XCBuildConfiguration section */
		4BCF60361B4CF85100316988 /* Debug */ = {
			isa = XCBuildConfiguration;
			buildSettings = {
				ALWAYS_SEARCH_USER_PATHS = NO;
				CLANG_CXX_LANGUAGE_STANDARD = "gnu++0x";
				CLANG_CXX_LIBRARY = "libc++";
				CLANG_ENABLE_MODULES = YES;
				CLANG_ENABLE_OBJC_ARC = YES;
				CLANG_WARN_BOOL_CONVERSION = YES;
				CLANG_WARN_CONSTANT_CONVERSION = YES;
				CLANG_WARN_DIRECT_OBJC_ISA_USAGE = YES_ERROR;
				CLANG_WARN_EMPTY_BODY = YES;
				CLANG_WARN_ENUM_CONVERSION = YES;
				CLANG_WARN_INT_CONVERSION = YES;
				CLANG_WARN_OBJC_ROOT_CLASS = YES_ERROR;
				CLANG_WARN_UNREACHABLE_CODE = YES;
				CLANG_WARN__DUPLICATE_METHOD_MATCH = YES;
				"CODE_SIGN_IDENTITY[sdk=iphoneos*]" = "iPhone Developer";
				COPY_PHASE_STRIP = NO;
				DEBUG_INFORMATION_FORMAT = "dwarf-with-dsym";
				ENABLE_STRICT_OBJC_MSGSEND = YES;
				GCC_C_LANGUAGE_STANDARD = gnu99;
				GCC_DYNAMIC_NO_PIC = NO;
				GCC_NO_COMMON_BLOCKS = YES;
				GCC_OPTIMIZATION_LEVEL = 0;
				GCC_PREPROCESSOR_DEFINITIONS = (
					"DEBUG=1",
					"$(inherited)",
				);
				GCC_SYMBOLS_PRIVATE_EXTERN = NO;
				GCC_WARN_64_TO_32_BIT_CONVERSION = YES;
				GCC_WARN_ABOUT_RETURN_TYPE = YES_ERROR;
				GCC_WARN_UNDECLARED_SELECTOR = YES;
				GCC_WARN_UNINITIALIZED_AUTOS = YES_AGGRESSIVE;
				GCC_WARN_UNUSED_FUNCTION = YES;
				GCC_WARN_UNUSED_VARIABLE = YES;
				IPHONEOS_DEPLOYMENT_TARGET = 8.3;
				MTL_ENABLE_DEBUG_INFO = YES;
				ONLY_ACTIVE_ARCH = YES;
				SDKROOT = iphoneos;
				TARGETED_DEVICE_FAMILY = "1,2";
			};
			name = Debug;
		};
		4BCF60371B4CF85100316988 /* Release */ = {
			isa = XCBuildConfiguration;
			buildSettings = {
				ALWAYS_SEARCH_USER_PATHS = NO;
				CLANG_CXX_LANGUAGE_STANDARD = "gnu++0x";
				CLANG_CXX_LIBRARY = "libc++";
				CLANG_ENABLE_MODULES = YES;
				CLANG_ENABLE_OBJC_ARC = YES;
				CLANG_WARN_BOOL_CONVERSION = YES;
				CLANG_WARN_CONSTANT_CONVERSION = YES;
				CLANG_WARN_DIRECT_OBJC_ISA_USAGE = YES_ERROR;
				CLANG_WARN_EMPTY_BODY = YES;
				CLANG_WARN_ENUM_CONVERSION = YES;
				CLANG_WARN_INT_CONVERSION = YES;
				CLANG_WARN_OBJC_ROOT_CLASS = YES_ERROR;
				CLANG_WARN_UNREACHABLE_CODE = YES;
				CLANG_WARN__DUPLICATE_METHOD_MATCH = YES;
				"CODE_SIGN_IDENTITY[sdk=iphoneos*]" = "iPhone Developer";
				COPY_PHASE_STRIP = NO;
				DEBUG_INFORMATION_FORMAT = "dwarf-with-dsym";
				ENABLE_NS_ASSERTIONS = NO;
				ENABLE_STRICT_OBJC_MSGSEND = YES;
				GCC_C_LANGUAGE_STANDARD = gnu99;
				GCC_NO_COMMON_BLOCKS = YES;
				GCC_WARN_64_TO_32_BIT_CONVERSION = YES;
				GCC_WARN_ABOUT_RETURN_TYPE = YES_ERROR;
				GCC_WARN_UNDECLARED_SELECTOR = YES;
				GCC_WARN_UNINITIALIZED_AUTOS = YES_AGGRESSIVE;
				GCC_WARN_UNUSED_FUNCTION = YES;
				GCC_WARN_UNUSED_VARIABLE = YES;
				IPHONEOS_DEPLOYMENT_TARGET = 8.3;
				MTL_ENABLE_DEBUG_INFO = NO;
				SDKROOT = iphoneos;
				TARGETED_DEVICE_FAMILY = "1,2";
				VALIDATE_PRODUCT = YES;
			};
			name = Release;
		};
		4BCF60391B4CF85100316988 /* Debug */ = {
			isa = XCBuildConfiguration;
			buildSettings = {
				ASSETCATALOG_COMPILER_APPICON_NAME = AppIcon;
				INFOPLIST_FILE = FetchTest/Info.plist;
				LD_RUNPATH_SEARCH_PATHS = "$(inherited) @executable_path/Frameworks";
				PRODUCT_NAME = "$(TARGET_NAME)";
			};
			name = Debug;
		};
		4BCF603A1B4CF85100316988 /* Release */ = {
			isa = XCBuildConfiguration;
			buildSettings = {
				ASSETCATALOG_COMPILER_APPICON_NAME = AppIcon;
				INFOPLIST_FILE = FetchTest/Info.plist;
				LD_RUNPATH_SEARCH_PATHS = "$(inherited) @executable_path/Frameworks";
				PRODUCT_NAME = "$(TARGET_NAME)";
			};
			name = Release;
		};
		4BCF603C1B4CF85100316988 /* Debug */ = {
			isa = XCBuildConfiguration;
			buildSettings = {
				BUNDLE_LOADER = "$(TEST_HOST)";
				FRAMEWORK_SEARCH_PATHS = (
					"$(SDKROOT)/Developer/Library/Frameworks",
					"$(inherited)",
				);
				GCC_PREPROCESSOR_DEFINITIONS = (
					"DEBUG=1",
					"$(inherited)",
				);
				INFOPLIST_FILE = FetchTestTests/Info.plist;
				LD_RUNPATH_SEARCH_PATHS = "$(inherited) @executable_path/Frameworks @loader_path/Frameworks";
				PRODUCT_NAME = "$(TARGET_NAME)";
				TEST_HOST = "$(BUILT_PRODUCTS_DIR)/FetchTest.app/FetchTest";
			};
			name = Debug;
		};
		4BCF603D1B4CF85100316988 /* Release */ = {
			isa = XCBuildConfiguration;
			buildSettings = {
				BUNDLE_LOADER = "$(TEST_HOST)";
				FRAMEWORK_SEARCH_PATHS = (
					"$(SDKROOT)/Developer/Library/Frameworks",
					"$(inherited)",
				);
				INFOPLIST_FILE = FetchTestTests/Info.plist;
				LD_RUNPATH_SEARCH_PATHS = "$(inherited) @executable_path/Frameworks @loader_path/Frameworks";
				PRODUCT_NAME = "$(TARGET_NAME)";
				TEST_HOST = "$(BUILT_PRODUCTS_DIR)/FetchTest.app/FetchTest";
			};
			name = Release;
		};
/* End XCBuildConfiguration section */

/* Begin XCConfigurationList section */
		4BCF600D1B4CF85100316988 /* Build configuration list for PBXProject "FetchTest" */ = {
			isa = XCConfigurationList;
			buildConfigurations = (
				4BCF60361B4CF85100316988 /* Debug */,
				4BCF60371B4CF85100316988 /* Release */,
			);
			defaultConfigurationIsVisible = 0;
			defaultConfigurationName = Release;
		};
		4BCF60381B4CF85100316988 /* Build configuration list for PBXNativeTarget "FetchTest" */ = {
			isa = XCConfigurationList;
			buildConfigurations = (
				4BCF60391B4CF85100316988 /* Debug */,
				4BCF603A1B4CF85100316988 /* Release */,
			);
			defaultConfigurationIsVisible = 0;
		};
		4BCF603B1B4CF85100316988 /* Build configuration list for PBXNativeTarget "FetchTestTests" */ = {
			isa = XCConfigurationList;
			buildConfigurations = (
				4BCF603C1B4CF85100316988 /* Debug */,
				4BCF603D1B4CF85100316988 /* Release */,
			);
			defaultConfigurationIsVisible = 0;
		};
/* End XCConfigurationList section */
	};
	rootObject = 4BCF600A1B4CF85100316988 /* Project object */;
}
